// !$*UTF8*$!
{
	archiveVersion = 1;
	classes = {
	};
	objectVersion = 55;
	objects = {

/* Begin PBXBuildFile section */
		275CB4C31B275755DB71AC65 /* Pods_Flix_FlixUITests.framework in Frameworks */ = {isa = PBXBuildFile; fileRef = 5D3D24025D0BC9833CCCA501 /* Pods_Flix_FlixUITests.framework */; };
		6F17486628CEE7920059E8DD /* MovieCell.swift in Sources */ = {isa = PBXBuildFile; fileRef = 6F17486528CEE7920059E8DD /* MovieCell.swift */; };
		6F17486928CEEB340059E8DD /* AlamofireImage in Frameworks */ = {isa = PBXBuildFile; productRef = 6F17486828CEEB340059E8DD /* AlamofireImage */; };
		6F2E836528CFB1B00002EFEF /* AlamofireImage in Frameworks */ = {isa = PBXBuildFile; productRef = 6F2E836428CFB1B00002EFEF /* AlamofireImage */; };
		6F2E836828CFB1D40002EFEF /* AlamofireImage in Frameworks */ = {isa = PBXBuildFile; productRef = 6F2E836728CFB1D40002EFEF /* AlamofireImage */; };
		6F8674D228CE52B600821148 /* MoviesViewController.swift in Sources */ = {isa = PBXBuildFile; fileRef = 6F8674D128CE52B600821148 /* MoviesViewController.swift */; };
		6FE0F5B828CD648300B592F0 /* AppDelegate.swift in Sources */ = {isa = PBXBuildFile; fileRef = 6FE0F5B728CD648300B592F0 /* AppDelegate.swift */; };
		6FE0F5BA28CD648300B592F0 /* SceneDelegate.swift in Sources */ = {isa = PBXBuildFile; fileRef = 6FE0F5B928CD648300B592F0 /* SceneDelegate.swift */; };
		6FE0F5BC28CD648300B592F0 /* ViewController.swift in Sources */ = {isa = PBXBuildFile; fileRef = 6FE0F5BB28CD648300B592F0 /* ViewController.swift */; };
		6FE0F5BF28CD648300B592F0 /* Main.storyboard in Resources */ = {isa = PBXBuildFile; fileRef = 6FE0F5BD28CD648300B592F0 /* Main.storyboard */; };
		6FE0F5C128CD648400B592F0 /* Assets.xcassets in Resources */ = {isa = PBXBuildFile; fileRef = 6FE0F5C028CD648400B592F0 /* Assets.xcassets */; };
		6FE0F5C428CD648400B592F0 /* LaunchScreen.storyboard in Resources */ = {isa = PBXBuildFile; fileRef = 6FE0F5C228CD648400B592F0 /* LaunchScreen.storyboard */; };
		6FE0F5CF28CD648400B592F0 /* FlixTests.swift in Sources */ = {isa = PBXBuildFile; fileRef = 6FE0F5CE28CD648400B592F0 /* FlixTests.swift */; };
		6FE0F5D928CD648400B592F0 /* FlixUITests.swift in Sources */ = {isa = PBXBuildFile; fileRef = 6FE0F5D828CD648400B592F0 /* FlixUITests.swift */; };
		6FE0F5DB28CD648400B592F0 /* FlixUITestsLaunchTests.swift in Sources */ = {isa = PBXBuildFile; fileRef = 6FE0F5DA28CD648400B592F0 /* FlixUITestsLaunchTests.swift */; };
		875FE6E2B5AE81B155F8F00C /* Pods_FlixTests.framework in Frameworks */ = {isa = PBXBuildFile; fileRef = FC24D2F0619C0D03F619B34C /* Pods_FlixTests.framework */; };
		A513407AAE9659E421BC6BBC /* Pods_Flix.framework in Frameworks */ = {isa = PBXBuildFile; fileRef = 38597201A86B7CE42BA35450 /* Pods_Flix.framework */; };
/* End PBXBuildFile section */

/* Begin PBXContainerItemProxy section */
		6FE0F5CB28CD648400B592F0 /* PBXContainerItemProxy */ = {
			isa = PBXContainerItemProxy;
			containerPortal = 6FE0F5AC28CD648300B592F0 /* Project object */;
			proxyType = 1;
			remoteGlobalIDString = 6FE0F5B328CD648300B592F0;
			remoteInfo = Flix;
		};
		6FE0F5D528CD648400B592F0 /* PBXContainerItemProxy */ = {
			isa = PBXContainerItemProxy;
			containerPortal = 6FE0F5AC28CD648300B592F0 /* Project object */;
			proxyType = 1;
			remoteGlobalIDString = 6FE0F5B328CD648300B592F0;
			remoteInfo = Flix;
		};
/* End PBXContainerItemProxy section */

/* Begin PBXFileReference section */
		196C7AF7FB5393DB1DC0AA46 /* Pods-Flix.debug.xcconfig */ = {isa = PBXFileReference; includeInIndex = 1; lastKnownFileType = text.xcconfig; name = "Pods-Flix.debug.xcconfig"; path = "Target Support Files/Pods-Flix/Pods-Flix.debug.xcconfig"; sourceTree = "<group>"; };
		30C2EAF2634A21974242F595 /* Pods-Flix-FlixUITests.release.xcconfig */ = {isa = PBXFileReference; includeInIndex = 1; lastKnownFileType = text.xcconfig; name = "Pods-Flix-FlixUITests.release.xcconfig"; path = "Target Support Files/Pods-Flix-FlixUITests/Pods-Flix-FlixUITests.release.xcconfig"; sourceTree = "<group>"; };
		38597201A86B7CE42BA35450 /* Pods_Flix.framework */ = {isa = PBXFileReference; explicitFileType = wrapper.framework; includeInIndex = 0; path = Pods_Flix.framework; sourceTree = BUILT_PRODUCTS_DIR; };
		5D3D24025D0BC9833CCCA501 /* Pods_Flix_FlixUITests.framework */ = {isa = PBXFileReference; explicitFileType = wrapper.framework; includeInIndex = 0; path = Pods_Flix_FlixUITests.framework; sourceTree = BUILT_PRODUCTS_DIR; };
		6F17486528CEE7920059E8DD /* MovieCell.swift */ = {isa = PBXFileReference; lastKnownFileType = sourcecode.swift; path = MovieCell.swift; sourceTree = "<group>"; };
		6F8674D128CE52B600821148 /* MoviesViewController.swift */ = {isa = PBXFileReference; lastKnownFileType = sourcecode.swift; path = MoviesViewController.swift; sourceTree = "<group>"; };
		6FE0F5B428CD648300B592F0 /* Flix.app */ = {isa = PBXFileReference; explicitFileType = wrapper.application; includeInIndex = 0; path = Flix.app; sourceTree = BUILT_PRODUCTS_DIR; };
		6FE0F5B728CD648300B592F0 /* AppDelegate.swift */ = {isa = PBXFileReference; lastKnownFileType = sourcecode.swift; path = AppDelegate.swift; sourceTree = "<group>"; };
		6FE0F5B928CD648300B592F0 /* SceneDelegate.swift */ = {isa = PBXFileReference; lastKnownFileType = sourcecode.swift; path = SceneDelegate.swift; sourceTree = "<group>"; };
		6FE0F5BB28CD648300B592F0 /* ViewController.swift */ = {isa = PBXFileReference; lastKnownFileType = sourcecode.swift; path = ViewController.swift; sourceTree = "<group>"; };
		6FE0F5BE28CD648300B592F0 /* Base */ = {isa = PBXFileReference; lastKnownFileType = file.storyboard; name = Base; path = Base.lproj/Main.storyboard; sourceTree = "<group>"; };
		6FE0F5C028CD648400B592F0 /* Assets.xcassets */ = {isa = PBXFileReference; lastKnownFileType = folder.assetcatalog; path = Assets.xcassets; sourceTree = "<group>"; };
		6FE0F5C328CD648400B592F0 /* Base */ = {isa = PBXFileReference; lastKnownFileType = file.storyboard; name = Base; path = Base.lproj/LaunchScreen.storyboard; sourceTree = "<group>"; };
		6FE0F5C528CD648400B592F0 /* Info.plist */ = {isa = PBXFileReference; lastKnownFileType = text.plist.xml; path = Info.plist; sourceTree = "<group>"; };
		6FE0F5CA28CD648400B592F0 /* FlixTests.xctest */ = {isa = PBXFileReference; explicitFileType = wrapper.cfbundle; includeInIndex = 0; path = FlixTests.xctest; sourceTree = BUILT_PRODUCTS_DIR; };
		6FE0F5CE28CD648400B592F0 /* FlixTests.swift */ = {isa = PBXFileReference; lastKnownFileType = sourcecode.swift; path = FlixTests.swift; sourceTree = "<group>"; };
		6FE0F5D428CD648400B592F0 /* FlixUITests.xctest */ = {isa = PBXFileReference; explicitFileType = wrapper.cfbundle; includeInIndex = 0; path = FlixUITests.xctest; sourceTree = BUILT_PRODUCTS_DIR; };
		6FE0F5D828CD648400B592F0 /* FlixUITests.swift */ = {isa = PBXFileReference; lastKnownFileType = sourcecode.swift; path = FlixUITests.swift; sourceTree = "<group>"; };
		6FE0F5DA28CD648400B592F0 /* FlixUITestsLaunchTests.swift */ = {isa = PBXFileReference; lastKnownFileType = sourcecode.swift; path = FlixUITestsLaunchTests.swift; sourceTree = "<group>"; };
		907B6E230DA8CBC1ED84F74D /* Pods-Flix.release.xcconfig */ = {isa = PBXFileReference; includeInIndex = 1; lastKnownFileType = text.xcconfig; name = "Pods-Flix.release.xcconfig"; path = "Target Support Files/Pods-Flix/Pods-Flix.release.xcconfig"; sourceTree = "<group>"; };
		A8290382D25E6D41091ED42D /* Pods-FlixTests.release.xcconfig */ = {isa = PBXFileReference; includeInIndex = 1; lastKnownFileType = text.xcconfig; name = "Pods-FlixTests.release.xcconfig"; path = "Target Support Files/Pods-FlixTests/Pods-FlixTests.release.xcconfig"; sourceTree = "<group>"; };
		DC4D72D92706AAFBD6C0618D /* Pods-FlixTests.debug.xcconfig */ = {isa = PBXFileReference; includeInIndex = 1; lastKnownFileType = text.xcconfig; name = "Pods-FlixTests.debug.xcconfig"; path = "Target Support Files/Pods-FlixTests/Pods-FlixTests.debug.xcconfig"; sourceTree = "<group>"; };
		F2FE05410AF1113EF1816165 /* Pods-Flix-FlixUITests.debug.xcconfig */ = {isa = PBXFileReference; includeInIndex = 1; lastKnownFileType = text.xcconfig; name = "Pods-Flix-FlixUITests.debug.xcconfig"; path = "Target Support Files/Pods-Flix-FlixUITests/Pods-Flix-FlixUITests.debug.xcconfig"; sourceTree = "<group>"; };
		FC24D2F0619C0D03F619B34C /* Pods_FlixTests.framework */ = {isa = PBXFileReference; explicitFileType = wrapper.framework; includeInIndex = 0; path = Pods_FlixTests.framework; sourceTree = BUILT_PRODUCTS_DIR; };
/* End PBXFileReference section */

/* Begin PBXFrameworksBuildPhase section */
		6FE0F5B128CD648300B592F0 /* Frameworks */ = {
			isa = PBXFrameworksBuildPhase;
			buildActionMask = 2147483647;
			files = (
				6F17486928CEEB340059E8DD /* AlamofireImage in Frameworks */,
				6F2E836828CFB1D40002EFEF /* AlamofireImage in Frameworks */,
				A513407AAE9659E421BC6BBC /* Pods_Flix.framework in Frameworks */,
				6F2E836528CFB1B00002EFEF /* AlamofireImage in Frameworks */,
			);
			runOnlyForDeploymentPostprocessing = 0;
		};
		6FE0F5C728CD648400B592F0 /* Frameworks */ = {
			isa = PBXFrameworksBuildPhase;
			buildActionMask = 2147483647;
			files = (
				875FE6E2B5AE81B155F8F00C /* Pods_FlixTests.framework in Frameworks */,
			);
			runOnlyForDeploymentPostprocessing = 0;
		};
		6FE0F5D128CD648400B592F0 /* Frameworks */ = {
			isa = PBXFrameworksBuildPhase;
			buildActionMask = 2147483647;
			files = (
				275CB4C31B275755DB71AC65 /* Pods_Flix_FlixUITests.framework in Frameworks */,
			);
			runOnlyForDeploymentPostprocessing = 0;
		};
/* End PBXFrameworksBuildPhase section */

/* Begin PBXGroup section */
		02C3B700B21039B51D132BC2 /* Frameworks */ = {
			isa = PBXGroup;
			children = (
				38597201A86B7CE42BA35450 /* Pods_Flix.framework */,
				5D3D24025D0BC9833CCCA501 /* Pods_Flix_FlixUITests.framework */,
				FC24D2F0619C0D03F619B34C /* Pods_FlixTests.framework */,
			);
			name = Frameworks;
			sourceTree = "<group>";
		};
		6058E32E3E09EE88C4E95A21 /* Pods */ = {
			isa = PBXGroup;
			children = (
				196C7AF7FB5393DB1DC0AA46 /* Pods-Flix.debug.xcconfig */,
				907B6E230DA8CBC1ED84F74D /* Pods-Flix.release.xcconfig */,
				F2FE05410AF1113EF1816165 /* Pods-Flix-FlixUITests.debug.xcconfig */,
				30C2EAF2634A21974242F595 /* Pods-Flix-FlixUITests.release.xcconfig */,
				DC4D72D92706AAFBD6C0618D /* Pods-FlixTests.debug.xcconfig */,
				A8290382D25E6D41091ED42D /* Pods-FlixTests.release.xcconfig */,
			);
			path = Pods;
			sourceTree = "<group>";
		};
		6FE0F5AB28CD648300B592F0 = {
			isa = PBXGroup;
			children = (
				6FE0F5B628CD648300B592F0 /* Flix */,
				6FE0F5CD28CD648400B592F0 /* FlixTests */,
				6FE0F5D728CD648400B592F0 /* FlixUITests */,
				6FE0F5B528CD648300B592F0 /* Products */,
				6058E32E3E09EE88C4E95A21 /* Pods */,
				02C3B700B21039B51D132BC2 /* Frameworks */,
			);
			sourceTree = "<group>";
		};
		6FE0F5B528CD648300B592F0 /* Products */ = {
			isa = PBXGroup;
			children = (
				6FE0F5B428CD648300B592F0 /* Flix.app */,
				6FE0F5CA28CD648400B592F0 /* FlixTests.xctest */,
				6FE0F5D428CD648400B592F0 /* FlixUITests.xctest */,
			);
			name = Products;
			sourceTree = "<group>";
		};
		6FE0F5B628CD648300B592F0 /* Flix */ = {
			isa = PBXGroup;
			children = (
				6FE0F5B728CD648300B592F0 /* AppDelegate.swift */,
				6FE0F5B928CD648300B592F0 /* SceneDelegate.swift */,
				6FE0F5BB28CD648300B592F0 /* ViewController.swift */,
				6FE0F5BD28CD648300B592F0 /* Main.storyboard */,
				6FE0F5C028CD648400B592F0 /* Assets.xcassets */,
				6FE0F5C228CD648400B592F0 /* LaunchScreen.storyboard */,
				6FE0F5C528CD648400B592F0 /* Info.plist */,
				6F8674D128CE52B600821148 /* MoviesViewController.swift */,
				6F17486528CEE7920059E8DD /* MovieCell.swift */,
			);
			path = Flix;
			sourceTree = "<group>";
		};
		6FE0F5CD28CD648400B592F0 /* FlixTests */ = {
			isa = PBXGroup;
			children = (
				6FE0F5CE28CD648400B592F0 /* FlixTests.swift */,
			);
			path = FlixTests;
			sourceTree = "<group>";
		};
		6FE0F5D728CD648400B592F0 /* FlixUITests */ = {
			isa = PBXGroup;
			children = (
				6FE0F5D828CD648400B592F0 /* FlixUITests.swift */,
				6FE0F5DA28CD648400B592F0 /* FlixUITestsLaunchTests.swift */,
			);
			path = FlixUITests;
			sourceTree = "<group>";
		};
/* End PBXGroup section */

/* Begin PBXNativeTarget section */
		6FE0F5B328CD648300B592F0 /* Flix */ = {
			isa = PBXNativeTarget;
			buildConfigurationList = 6FE0F5DE28CD648400B592F0 /* Build configuration list for PBXNativeTarget "Flix" */;
			buildPhases = (
				E0DA1F90714F0F02BA42FDA6 /* [CP] Check Pods Manifest.lock */,
				6FE0F5B028CD648300B592F0 /* Sources */,
				6FE0F5B128CD648300B592F0 /* Frameworks */,
				6FE0F5B228CD648300B592F0 /* Resources */,
				EB4326D0310EA4B3D0530C13 /* [CP] Embed Pods Frameworks */,
			);
			buildRules = (
			);
			dependencies = (
			);
			name = Flix;
			packageProductDependencies = (
				6F17486828CEEB340059E8DD /* AlamofireImage */,
				6F2E836428CFB1B00002EFEF /* AlamofireImage */,
				6F2E836728CFB1D40002EFEF /* AlamofireImage */,
			);
			productName = Flix;
			productReference = 6FE0F5B428CD648300B592F0 /* Flix.app */;
			productType = "com.apple.product-type.application";
		};
		6FE0F5C928CD648400B592F0 /* FlixTests */ = {
			isa = PBXNativeTarget;
			buildConfigurationList = 6FE0F5E128CD648400B592F0 /* Build configuration list for PBXNativeTarget "FlixTests" */;
			buildPhases = (
				0D4443DDD1E37A70F8619DC2 /* [CP] Check Pods Manifest.lock */,
				6FE0F5C628CD648400B592F0 /* Sources */,
				6FE0F5C728CD648400B592F0 /* Frameworks */,
				6FE0F5C828CD648400B592F0 /* Resources */,
			);
			buildRules = (
			);
			dependencies = (
				6FE0F5CC28CD648400B592F0 /* PBXTargetDependency */,
			);
			name = FlixTests;
			productName = FlixTests;
			productReference = 6FE0F5CA28CD648400B592F0 /* FlixTests.xctest */;
			productType = "com.apple.product-type.bundle.unit-test";
		};
		6FE0F5D328CD648400B592F0 /* FlixUITests */ = {
			isa = PBXNativeTarget;
			buildConfigurationList = 6FE0F5E428CD648400B592F0 /* Build configuration list for PBXNativeTarget "FlixUITests" */;
			buildPhases = (
				6FCC4C4F93EE7F4EE36FC803 /* [CP] Check Pods Manifest.lock */,
				6FE0F5D028CD648400B592F0 /* Sources */,
				6FE0F5D128CD648400B592F0 /* Frameworks */,
				6FE0F5D228CD648400B592F0 /* Resources */,
				5740C8B9796931C9F8181FB2 /* [CP] Embed Pods Frameworks */,
			);
			buildRules = (
			);
			dependencies = (
				6FE0F5D628CD648400B592F0 /* PBXTargetDependency */,
			);
			name = FlixUITests;
			productName = FlixUITests;
			productReference = 6FE0F5D428CD648400B592F0 /* FlixUITests.xctest */;
			productType = "com.apple.product-type.bundle.ui-testing";
		};
/* End PBXNativeTarget section */

/* Begin PBXProject section */
		6FE0F5AC28CD648300B592F0 /* Project object */ = {
			isa = PBXProject;
			attributes = {
				BuildIndependentTargetsInParallel = 1;
				LastSwiftUpdateCheck = 1320;
				LastUpgradeCheck = 1320;
				TargetAttributes = {
					6FE0F5B328CD648300B592F0 = {
						CreatedOnToolsVersion = 13.2.1;
					};
					6FE0F5C928CD648400B592F0 = {
						CreatedOnToolsVersion = 13.2.1;
						TestTargetID = 6FE0F5B328CD648300B592F0;
					};
					6FE0F5D328CD648400B592F0 = {
						CreatedOnToolsVersion = 13.2.1;
						TestTargetID = 6FE0F5B328CD648300B592F0;
					};
				};
			};
			buildConfigurationList = 6FE0F5AF28CD648300B592F0 /* Build configuration list for PBXProject "Flix" */;
			compatibilityVersion = "Xcode 13.0";
			developmentRegion = en;
			hasScannedForEncodings = 0;
			knownRegions = (
				en,
				Base,
			);
			mainGroup = 6FE0F5AB28CD648300B592F0;
			packageReferences = (
				6F17486728CEEB340059E8DD /* XCRemoteSwiftPackageReference "AlamofireImage" */,
				6F2E836328CFB1B00002EFEF /* XCRemoteSwiftPackageReference "AlamofireImage" */,
				6F2E836628CFB1D40002EFEF /* XCRemoteSwiftPackageReference "AlamofireImage" */,
			);
			productRefGroup = 6FE0F5B528CD648300B592F0 /* Products */;
			projectDirPath = "";
			projectRoot = "";
			targets = (
				6FE0F5B328CD648300B592F0 /* Flix */,
				6FE0F5C928CD648400B592F0 /* FlixTests */,
				6FE0F5D328CD648400B592F0 /* FlixUITests */,
			);
		};
/* End PBXProject section */

/* Begin PBXResourcesBuildPhase section */
		6FE0F5B228CD648300B592F0 /* Resources */ = {
			isa = PBXResourcesBuildPhase;
			buildActionMask = 2147483647;
			files = (
				6FE0F5C428CD648400B592F0 /* LaunchScreen.storyboard in Resources */,
				6FE0F5C128CD648400B592F0 /* Assets.xcassets in Resources */,
				6FE0F5BF28CD648300B592F0 /* Main.storyboard in Resources */,
			);
			runOnlyForDeploymentPostprocessing = 0;
		};
		6FE0F5C828CD648400B592F0 /* Resources */ = {
			isa = PBXResourcesBuildPhase;
			buildActionMask = 2147483647;
			files = (
			);
			runOnlyForDeploymentPostprocessing = 0;
		};
		6FE0F5D228CD648400B592F0 /* Resources */ = {
			isa = PBXResourcesBuildPhase;
			buildActionMask = 2147483647;
			files = (
			);
			runOnlyForDeploymentPostprocessing = 0;
		};
/* End PBXResourcesBuildPhase section */

/* Begin PBXShellScriptBuildPhase section */
		0D4443DDD1E37A70F8619DC2 /* [CP] Check Pods Manifest.lock */ = {
			isa = PBXShellScriptBuildPhase;
			buildActionMask = 2147483647;
			files = (
			);
			inputFileListPaths = (
			);
			inputPaths = (
				"${PODS_PODFILE_DIR_PATH}/Podfile.lock",
				"${PODS_ROOT}/Manifest.lock",
			);
			name = "[CP] Check Pods Manifest.lock";
			outputFileListPaths = (
			);
			outputPaths = (
				"$(DERIVED_FILE_DIR)/Pods-FlixTests-checkManifestLockResult.txt",
			);
			runOnlyForDeploymentPostprocessing = 0;
			shellPath = /bin/sh;
			shellScript = "diff \"${PODS_PODFILE_DIR_PATH}/Podfile.lock\" \"${PODS_ROOT}/Manifest.lock\" > /dev/null\nif [ $? != 0 ] ; then\n    # print error to STDERR\n    echo \"error: The sandbox is not in sync with the Podfile.lock. Run 'pod install' or update your CocoaPods installation.\" >&2\n    exit 1\nfi\n# This output is used by Xcode 'outputs' to avoid re-running this script phase.\necho \"SUCCESS\" > \"${SCRIPT_OUTPUT_FILE_0}\"\n";
			showEnvVarsInLog = 0;
		};
		5740C8B9796931C9F8181FB2 /* [CP] Embed Pods Frameworks */ = {
			isa = PBXShellScriptBuildPhase;
			buildActionMask = 2147483647;
			files = (
			);
			inputFileListPaths = (
				"${PODS_ROOT}/Target Support Files/Pods-Flix-FlixUITests/Pods-Flix-FlixUITests-frameworks-${CONFIGURATION}-input-files.xcfilelist",
			);
			name = "[CP] Embed Pods Frameworks";
			outputFileListPaths = (
				"${PODS_ROOT}/Target Support Files/Pods-Flix-FlixUITests/Pods-Flix-FlixUITests-frameworks-${CONFIGURATION}-output-files.xcfilelist",
			);
			runOnlyForDeploymentPostprocessing = 0;
			shellPath = /bin/sh;
			shellScript = "\"${PODS_ROOT}/Target Support Files/Pods-Flix-FlixUITests/Pods-Flix-FlixUITests-frameworks.sh\"\n";
			showEnvVarsInLog = 0;
		};
		6FCC4C4F93EE7F4EE36FC803 /* [CP] Check Pods Manifest.lock */ = {
			isa = PBXShellScriptBuildPhase;
			buildActionMask = 2147483647;
			files = (
			);
			inputFileListPaths = (
			);
			inputPaths = (
				"${PODS_PODFILE_DIR_PATH}/Podfile.lock",
				"${PODS_ROOT}/Manifest.lock",
			);
			name = "[CP] Check Pods Manifest.lock";
			outputFileListPaths = (
			);
			outputPaths = (
				"$(DERIVED_FILE_DIR)/Pods-Flix-FlixUITests-checkManifestLockResult.txt",
			);
			runOnlyForDeploymentPostprocessing = 0;
			shellPath = /bin/sh;
			shellScript = "diff \"${PODS_PODFILE_DIR_PATH}/Podfile.lock\" \"${PODS_ROOT}/Manifest.lock\" > /dev/null\nif [ $? != 0 ] ; then\n    # print error to STDERR\n    echo \"error: The sandbox is not in sync with the Podfile.lock. Run 'pod install' or update your CocoaPods installation.\" >&2\n    exit 1\nfi\n# This output is used by Xcode 'outputs' to avoid re-running this script phase.\necho \"SUCCESS\" > \"${SCRIPT_OUTPUT_FILE_0}\"\n";
			showEnvVarsInLog = 0;
		};
		E0DA1F90714F0F02BA42FDA6 /* [CP] Check Pods Manifest.lock */ = {
			isa = PBXShellScriptBuildPhase;
			buildActionMask = 2147483647;
			files = (
			);
			inputFileListPaths = (
			);
			inputPaths = (
				"${PODS_PODFILE_DIR_PATH}/Podfile.lock",
				"${PODS_ROOT}/Manifest.lock",
			);
			name = "[CP] Check Pods Manifest.lock";
			outputFileListPaths = (
			);
			outputPaths = (
				"$(DERIVED_FILE_DIR)/Pods-Flix-checkManifestLockResult.txt",
			);
			runOnlyForDeploymentPostprocessing = 0;
			shellPath = /bin/sh;
			shellScript = "diff \"${PODS_PODFILE_DIR_PATH}/Podfile.lock\" \"${PODS_ROOT}/Manifest.lock\" > /dev/null\nif [ $? != 0 ] ; then\n    # print error to STDERR\n    echo \"error: The sandbox is not in sync with the Podfile.lock. Run 'pod install' or update your CocoaPods installation.\" >&2\n    exit 1\nfi\n# This output is used by Xcode 'outputs' to avoid re-running this script phase.\necho \"SUCCESS\" > \"${SCRIPT_OUTPUT_FILE_0}\"\n";
			showEnvVarsInLog = 0;
		};
		EB4326D0310EA4B3D0530C13 /* [CP] Embed Pods Frameworks */ = {
			isa = PBXShellScriptBuildPhase;
			buildActionMask = 2147483647;
			files = (
			);
			inputFileListPaths = (
				"${PODS_ROOT}/Target Support Files/Pods-Flix/Pods-Flix-frameworks-${CONFIGURATION}-input-files.xcfilelist",
			);
			name = "[CP] Embed Pods Frameworks";
			outputFileListPaths = (
				"${PODS_ROOT}/Target Support Files/Pods-Flix/Pods-Flix-frameworks-${CONFIGURATION}-output-files.xcfilelist",
			);
			runOnlyForDeploymentPostprocessing = 0;
			shellPath = /bin/sh;
			shellScript = "\"${PODS_ROOT}/Target Support Files/Pods-Flix/Pods-Flix-frameworks.sh\"\n";
			showEnvVarsInLog = 0;
		};
/* End PBXShellScriptBuildPhase section */

/* Begin PBXSourcesBuildPhase section */
		6FE0F5B028CD648300B592F0 /* Sources */ = {
			isa = PBXSourcesBuildPhase;
			buildActionMask = 2147483647;
			files = (
				6FE0F5BC28CD648300B592F0 /* ViewController.swift in Sources */,
				6FE0F5B828CD648300B592F0 /* AppDelegate.swift in Sources */,
				6FE0F5BA28CD648300B592F0 /* SceneDelegate.swift in Sources */,
				6F17486628CEE7920059E8DD /* MovieCell.swift in Sources */,
				6F8674D228CE52B600821148 /* MoviesViewController.swift in Sources */,
			);
			runOnlyForDeploymentPostprocessing = 0;
		};
		6FE0F5C628CD648400B592F0 /* Sources */ = {
			isa = PBXSourcesBuildPhase;
			buildActionMask = 2147483647;
			files = (
				6FE0F5CF28CD648400B592F0 /* FlixTests.swift in Sources */,
			);
			runOnlyForDeploymentPostprocessing = 0;
		};
		6FE0F5D028CD648400B592F0 /* Sources */ = {
			isa = PBXSourcesBuildPhase;
			buildActionMask = 2147483647;
			files = (
				6FE0F5D928CD648400B592F0 /* FlixUITests.swift in Sources */,
				6FE0F5DB28CD648400B592F0 /* FlixUITestsLaunchTests.swift in Sources */,
			);
			runOnlyForDeploymentPostprocessing = 0;
		};
/* End PBXSourcesBuildPhase section */

/* Begin PBXTargetDependency section */
		6FE0F5CC28CD648400B592F0 /* PBXTargetDependency */ = {
			isa = PBXTargetDependency;
			target = 6FE0F5B328CD648300B592F0 /* Flix */;
			targetProxy = 6FE0F5CB28CD648400B592F0 /* PBXContainerItemProxy */;
		};
		6FE0F5D628CD648400B592F0 /* PBXTargetDependency */ = {
			isa = PBXTargetDependency;
			target = 6FE0F5B328CD648300B592F0 /* Flix */;
			targetProxy = 6FE0F5D528CD648400B592F0 /* PBXContainerItemProxy */;
		};
/* End PBXTargetDependency section */

/* Begin PBXVariantGroup section */
		6FE0F5BD28CD648300B592F0 /* Main.storyboard */ = {
			isa = PBXVariantGroup;
			children = (
				6FE0F5BE28CD648300B592F0 /* Base */,
			);
			name = Main.storyboard;
			sourceTree = "<group>";
		};
		6FE0F5C228CD648400B592F0 /* LaunchScreen.storyboard */ = {
			isa = PBXVariantGroup;
			children = (
				6FE0F5C328CD648400B592F0 /* Base */,
			);
			name = LaunchScreen.storyboard;
			sourceTree = "<group>";
		};
/* End PBXVariantGroup section */

/* Begin XCBuildConfiguration section */
		6FE0F5DC28CD648400B592F0 /* Debug */ = {
			isa = XCBuildConfiguration;
			buildSettings = {
				ALWAYS_SEARCH_USER_PATHS = NO;
				CLANG_ANALYZER_NONNULL = YES;
				CLANG_ANALYZER_NUMBER_OBJECT_CONVERSION = YES_AGGRESSIVE;
				CLANG_CXX_LANGUAGE_STANDARD = "gnu++17";
				CLANG_CXX_LIBRARY = "libc++";
				CLANG_ENABLE_MODULES = YES;
				CLANG_ENABLE_OBJC_ARC = YES;
				CLANG_ENABLE_OBJC_WEAK = YES;
				CLANG_WARN_BLOCK_CAPTURE_AUTORELEASING = YES;
				CLANG_WARN_BOOL_CONVERSION = YES;
				CLANG_WARN_COMMA = YES;
				CLANG_WARN_CONSTANT_CONVERSION = YES;
				CLANG_WARN_DEPRECATED_OBJC_IMPLEMENTATIONS = YES;
				CLANG_WARN_DIRECT_OBJC_ISA_USAGE = YES_ERROR;
				CLANG_WARN_DOCUMENTATION_COMMENTS = YES;
				CLANG_WARN_EMPTY_BODY = YES;
				CLANG_WARN_ENUM_CONVERSION = YES;
				CLANG_WARN_INFINITE_RECURSION = YES;
				CLANG_WARN_INT_CONVERSION = YES;
				CLANG_WARN_NON_LITERAL_NULL_CONVERSION = YES;
				CLANG_WARN_OBJC_IMPLICIT_RETAIN_SELF = YES;
				CLANG_WARN_OBJC_LITERAL_CONVERSION = YES;
				CLANG_WARN_OBJC_ROOT_CLASS = YES_ERROR;
				CLANG_WARN_QUOTED_INCLUDE_IN_FRAMEWORK_HEADER = YES;
				CLANG_WARN_RANGE_LOOP_ANALYSIS = YES;
				CLANG_WARN_STRICT_PROTOTYPES = YES;
				CLANG_WARN_SUSPICIOUS_MOVE = YES;
				CLANG_WARN_UNGUARDED_AVAILABILITY = YES_AGGRESSIVE;
				CLANG_WARN_UNREACHABLE_CODE = YES;
				CLANG_WARN__DUPLICATE_METHOD_MATCH = YES;
				COPY_PHASE_STRIP = NO;
				DEBUG_INFORMATION_FORMAT = dwarf;
				ENABLE_STRICT_OBJC_MSGSEND = YES;
				ENABLE_TESTABILITY = YES;
				GCC_C_LANGUAGE_STANDARD = gnu11;
				GCC_DYNAMIC_NO_PIC = NO;
				GCC_NO_COMMON_BLOCKS = YES;
				GCC_OPTIMIZATION_LEVEL = 0;
				GCC_PREPROCESSOR_DEFINITIONS = (
					"DEBUG=1",
					"$(inherited)",
				);
				GCC_WARN_64_TO_32_BIT_CONVERSION = YES;
				GCC_WARN_ABOUT_RETURN_TYPE = YES_ERROR;
				GCC_WARN_UNDECLARED_SELECTOR = YES;
				GCC_WARN_UNINITIALIZED_AUTOS = YES_AGGRESSIVE;
				GCC_WARN_UNUSED_FUNCTION = YES;
				GCC_WARN_UNUSED_VARIABLE = YES;
				IPHONEOS_DEPLOYMENT_TARGET = 15.2;
				MTL_ENABLE_DEBUG_INFO = INCLUDE_SOURCE;
				MTL_FAST_MATH = YES;
				ONLY_ACTIVE_ARCH = YES;
				SDKROOT = iphoneos;
				SWIFT_ACTIVE_COMPILATION_CONDITIONS = DEBUG;
				SWIFT_OPTIMIZATION_LEVEL = "-Onone";
			};
			name = Debug;
		};
		6FE0F5DD28CD648400B592F0 /* Release */ = {
			isa = XCBuildConfiguration;
			buildSettings = {
				ALWAYS_SEARCH_USER_PATHS = NO;
				CLANG_ANALYZER_NONNULL = YES;
				CLANG_ANALYZER_NUMBER_OBJECT_CONVERSION = YES_AGGRESSIVE;
				CLANG_CXX_LANGUAGE_STANDARD = "gnu++17";
				CLANG_CXX_LIBRARY = "libc++";
				CLANG_ENABLE_MODULES = YES;
				CLANG_ENABLE_OBJC_ARC = YES;
				CLANG_ENABLE_OBJC_WEAK = YES;
				CLANG_WARN_BLOCK_CAPTURE_AUTORELEASING = YES;
				CLANG_WARN_BOOL_CONVERSION = YES;
				CLANG_WARN_COMMA = YES;
				CLANG_WARN_CONSTANT_CONVERSION = YES;
				CLANG_WARN_DEPRECATED_OBJC_IMPLEMENTATIONS = YES;
				CLANG_WARN_DIRECT_OBJC_ISA_USAGE = YES_ERROR;
				CLANG_WARN_DOCUMENTATION_COMMENTS = YES;
				CLANG_WARN_EMPTY_BODY = YES;
				CLANG_WARN_ENUM_CONVERSION = YES;
				CLANG_WARN_INFINITE_RECURSION = YES;
				CLANG_WARN_INT_CONVERSION = YES;
				CLANG_WARN_NON_LITERAL_NULL_CONVERSION = YES;
				CLANG_WARN_OBJC_IMPLICIT_RETAIN_SELF = YES;
				CLANG_WARN_OBJC_LITERAL_CONVERSION = YES;
				CLANG_WARN_OBJC_ROOT_CLASS = YES_ERROR;
				CLANG_WARN_QUOTED_INCLUDE_IN_FRAMEWORK_HEADER = YES;
				CLANG_WARN_RANGE_LOOP_ANALYSIS = YES;
				CLANG_WARN_STRICT_PROTOTYPES = YES;
				CLANG_WARN_SUSPICIOUS_MOVE = YES;
				CLANG_WARN_UNGUARDED_AVAILABILITY = YES_AGGRESSIVE;
				CLANG_WARN_UNREACHABLE_CODE = YES;
				CLANG_WARN__DUPLICATE_METHOD_MATCH = YES;
				COPY_PHASE_STRIP = NO;
				DEBUG_INFORMATION_FORMAT = "dwarf-with-dsym";
				ENABLE_NS_ASSERTIONS = NO;
				ENABLE_STRICT_OBJC_MSGSEND = YES;
				GCC_C_LANGUAGE_STANDARD = gnu11;
				GCC_NO_COMMON_BLOCKS = YES;
				GCC_WARN_64_TO_32_BIT_CONVERSION = YES;
				GCC_WARN_ABOUT_RETURN_TYPE = YES_ERROR;
				GCC_WARN_UNDECLARED_SELECTOR = YES;
				GCC_WARN_UNINITIALIZED_AUTOS = YES_AGGRESSIVE;
				GCC_WARN_UNUSED_FUNCTION = YES;
				GCC_WARN_UNUSED_VARIABLE = YES;
				IPHONEOS_DEPLOYMENT_TARGET = 15.2;
				MTL_ENABLE_DEBUG_INFO = NO;
				MTL_FAST_MATH = YES;
				SDKROOT = iphoneos;
				SWIFT_COMPILATION_MODE = wholemodule;
				SWIFT_OPTIMIZATION_LEVEL = "-O";
				VALIDATE_PRODUCT = YES;
			};
			name = Release;
		};
		6FE0F5DF28CD648400B592F0 /* Debug */ = {
			isa = XCBuildConfiguration;
			baseConfigurationReference = 196C7AF7FB5393DB1DC0AA46 /* Pods-Flix.debug.xcconfig */;
			buildSettings = {
				ASSETCATALOG_COMPILER_APPICON_NAME = AppIcon;
				ASSETCATALOG_COMPILER_GLOBAL_ACCENT_COLOR_NAME = AccentColor;
				CODE_SIGN_STYLE = Automatic;
				CURRENT_PROJECT_VERSION = 1;
				DEVELOPMENT_TEAM = 8Y4YLSTNPL;
				GENERATE_INFOPLIST_FILE = YES;
				INFOPLIST_FILE = Flix/Info.plist;
				INFOPLIST_KEY_UIApplicationSupportsIndirectInputEvents = YES;
				INFOPLIST_KEY_UILaunchStoryboardName = LaunchScreen;
				INFOPLIST_KEY_UIMainStoryboardFile = Main;
				INFOPLIST_KEY_UISupportedInterfaceOrientations_iPad = "UIInterfaceOrientationPortrait UIInterfaceOrientationPortraitUpsideDown UIInterfaceOrientationLandscapeLeft UIInterfaceOrientationLandscapeRight";
				INFOPLIST_KEY_UISupportedInterfaceOrientations_iPhone = "UIInterfaceOrientationPortrait UIInterfaceOrientationLandscapeLeft UIInterfaceOrientationLandscapeRight";
				LD_RUNPATH_SEARCH_PATHS = (
					"$(inherited)",
					"@executable_path/Frameworks",
				);
				MARKETING_VERSION = 1.0;
				PRODUCT_BUNDLE_IDENTIFIER = com.kimlinh.Flix;
				PRODUCT_NAME = "$(TARGET_NAME)";
				SWIFT_EMIT_LOC_STRINGS = YES;
				SWIFT_VERSION = 5.0;
				TARGETED_DEVICE_FAMILY = "1,2";
			};
			name = Debug;
		};
		6FE0F5E028CD648400B592F0 /* Release */ = {
			isa = XCBuildConfiguration;
			baseConfigurationReference = 907B6E230DA8CBC1ED84F74D /* Pods-Flix.release.xcconfig */;
			buildSettings = {
				ASSETCATALOG_COMPILER_APPICON_NAME = AppIcon;
				ASSETCATALOG_COMPILER_GLOBAL_ACCENT_COLOR_NAME = AccentColor;
				CODE_SIGN_STYLE = Automatic;
				CURRENT_PROJECT_VERSION = 1;
				DEVELOPMENT_TEAM = 8Y4YLSTNPL;
				GENERATE_INFOPLIST_FILE = YES;
				INFOPLIST_FILE = Flix/Info.plist;
				INFOPLIST_KEY_UIApplicationSupportsIndirectInputEvents = YES;
				INFOPLIST_KEY_UILaunchStoryboardName = LaunchScreen;
				INFOPLIST_KEY_UIMainStoryboardFile = Main;
				INFOPLIST_KEY_UISupportedInterfaceOrientations_iPad = "UIInterfaceOrientationPortrait UIInterfaceOrientationPortraitUpsideDown UIInterfaceOrientationLandscapeLeft UIInterfaceOrientationLandscapeRight";
				INFOPLIST_KEY_UISupportedInterfaceOrientations_iPhone = "UIInterfaceOrientationPortrait UIInterfaceOrientationLandscapeLeft UIInterfaceOrientationLandscapeRight";
				LD_RUNPATH_SEARCH_PATHS = (
					"$(inherited)",
					"@executable_path/Frameworks",
				);
				MARKETING_VERSION = 1.0;
				PRODUCT_BUNDLE_IDENTIFIER = com.kimlinh.Flix;
				PRODUCT_NAME = "$(TARGET_NAME)";
				SWIFT_EMIT_LOC_STRINGS = YES;
				SWIFT_VERSION = 5.0;
				TARGETED_DEVICE_FAMILY = "1,2";
			};
			name = Release;
		};
		6FE0F5E228CD648400B592F0 /* Debug */ = {
			isa = XCBuildConfiguration;
			baseConfigurationReference = DC4D72D92706AAFBD6C0618D /* Pods-FlixTests.debug.xcconfig */;
			buildSettings = {
				ALWAYS_EMBED_SWIFT_STANDARD_LIBRARIES = YES;
				BUNDLE_LOADER = "$(TEST_HOST)";
				CODE_SIGN_STYLE = Automatic;
				CURRENT_PROJECT_VERSION = 1;
				DEVELOPMENT_TEAM = 8Y4YLSTNPL;
				GENERATE_INFOPLIST_FILE = YES;
				IPHONEOS_DEPLOYMENT_TARGET = 15.2;
				MARKETING_VERSION = 1.0;
				PRODUCT_BUNDLE_IDENTIFIER = com.kimlinh.FlixTests;
				PRODUCT_NAME = "$(TARGET_NAME)";
				SWIFT_EMIT_LOC_STRINGS = NO;
				SWIFT_VERSION = 5.0;
				TARGETED_DEVICE_FAMILY = "1,2";
				TEST_HOST = "$(BUILT_PRODUCTS_DIR)/Flix.app/Flix";
			};
			name = Debug;
		};
		6FE0F5E328CD648400B592F0 /* Release */ = {
			isa = XCBuildConfiguration;
			baseConfigurationReference = A8290382D25E6D41091ED42D /* Pods-FlixTests.release.xcconfig */;
			buildSettings = {
				ALWAYS_EMBED_SWIFT_STANDARD_LIBRARIES = YES;
				BUNDLE_LOADER = "$(TEST_HOST)";
				CODE_SIGN_STYLE = Automatic;
				CURRENT_PROJECT_VERSION = 1;
				DEVELOPMENT_TEAM = 8Y4YLSTNPL;
				GENERATE_INFOPLIST_FILE = YES;
				IPHONEOS_DEPLOYMENT_TARGET = 15.2;
				MARKETING_VERSION = 1.0;
				PRODUCT_BUNDLE_IDENTIFIER = com.kimlinh.FlixTests;
				PRODUCT_NAME = "$(TARGET_NAME)";
				SWIFT_EMIT_LOC_STRINGS = NO;
				SWIFT_VERSION = 5.0;
				TARGETED_DEVICE_FAMILY = "1,2";
				TEST_HOST = "$(BUILT_PRODUCTS_DIR)/Flix.app/Flix";
			};
			name = Release;
		};
		6FE0F5E528CD648400B592F0 /* Debug */ = {
			isa = XCBuildConfiguration;
			baseConfigurationReference = F2FE05410AF1113EF1816165 /* Pods-Flix-FlixUITests.debug.xcconfig */;
			buildSettings = {
				ALWAYS_EMBED_SWIFT_STANDARD_LIBRARIES = YES;
				CODE_SIGN_STYLE = Automatic;
				CURRENT_PROJECT_VERSION = 1;
				DEVELOPMENT_TEAM = 8Y4YLSTNPL;
				GENERATE_INFOPLIST_FILE = YES;
				MARKETING_VERSION = 1.0;
				PRODUCT_BUNDLE_IDENTIFIER = com.kimlinh.FlixUITests;
				PRODUCT_NAME = "$(TARGET_NAME)";
				SWIFT_EMIT_LOC_STRINGS = NO;
				SWIFT_VERSION = 5.0;
				TARGETED_DEVICE_FAMILY = "1,2";
				TEST_TARGET_NAME = Flix;
			};
			name = Debug;
		};
		6FE0F5E628CD648400B592F0 /* Release */ = {
			isa = XCBuildConfiguration;
			baseConfigurationReference = 30C2EAF2634A21974242F595 /* Pods-Flix-FlixUITests.release.xcconfig */;
			buildSettings = {
				ALWAYS_EMBED_SWIFT_STANDARD_LIBRARIES = YES;
				CODE_SIGN_STYLE = Automatic;
				CURRENT_PROJECT_VERSION = 1;
				DEVELOPMENT_TEAM = 8Y4YLSTNPL;
				GENERATE_INFOPLIST_FILE = YES;
				MARKETING_VERSION = 1.0;
				PRODUCT_BUNDLE_IDENTIFIER = com.kimlinh.FlixUITests;
				PRODUCT_NAME = "$(TARGET_NAME)";
				SWIFT_EMIT_LOC_STRINGS = NO;
				SWIFT_VERSION = 5.0;
				TARGETED_DEVICE_FAMILY = "1,2";
				TEST_TARGET_NAME = Flix;
			};
			name = Release;
		};
/* End XCBuildConfiguration section */

/* Begin XCConfigurationList section */
		6FE0F5AF28CD648300B592F0 /* Build configuration list for PBXProject "Flix" */ = {
			isa = XCConfigurationList;
			buildConfigurations = (
				6FE0F5DC28CD648400B592F0 /* Debug */,
				6FE0F5DD28CD648400B592F0 /* Release */,
			);
			defaultConfigurationIsVisible = 0;
			defaultConfigurationName = Release;
		};
		6FE0F5DE28CD648400B592F0 /* Build configuration list for PBXNativeTarget "Flix" */ = {
			isa = XCConfigurationList;
			buildConfigurations = (
				6FE0F5DF28CD648400B592F0 /* Debug */,
				6FE0F5E028CD648400B592F0 /* Release */,
			);
			defaultConfigurationIsVisible = 0;
			defaultConfigurationName = Release;
		};
		6FE0F5E128CD648400B592F0 /* Build configuration list for PBXNativeTarget "FlixTests" */ = {
			isa = XCConfigurationList;
			buildConfigurations = (
				6FE0F5E228CD648400B592F0 /* Debug */,
				6FE0F5E328CD648400B592F0 /* Release */,
			);
			defaultConfigurationIsVisible = 0;
			defaultConfigurationName = Release;
		};
		6FE0F5E428CD648400B592F0 /* Build configuration list for PBXNativeTarget "FlixUITests" */ = {
			isa = XCConfigurationList;
			buildConfigurations = (
				6FE0F5E528CD648400B592F0 /* Debug */,
				6FE0F5E628CD648400B592F0 /* Release */,
			);
			defaultConfigurationIsVisible = 0;
			defaultConfigurationName = Release;
		};
/* End XCConfigurationList section */

/* Begin XCRemoteSwiftPackageReference section */
		6F17486728CEEB340059E8DD /* XCRemoteSwiftPackageReference "AlamofireImage" */ = {
			isa = XCRemoteSwiftPackageReference;
			repositoryURL = "https://github.com/Alamofire/AlamofireImage";
			requirement = {
				kind = upToNextMajorVersion;
				minimumVersion = 4.0.0;
			};
		};
		6F2E836328CFB1B00002EFEF /* XCRemoteSwiftPackageReference "AlamofireImage" */ = {
			isa = XCRemoteSwiftPackageReference;
			repositoryURL = "https://github.com/Alamofire/AlamofireImage";
			requirement = {
				branch = master;
				kind = branch;
			};
		};
		6F2E836628CFB1D40002EFEF /* XCRemoteSwiftPackageReference "AlamofireImage" */ = {
			isa = XCRemoteSwiftPackageReference;
			repositoryURL = "https://github.com/Alamofire/AlamofireImage";
			requirement = {
				branch = master;
				kind = branch;
			};
		};
/* End XCRemoteSwiftPackageReference section */

/* Begin XCSwiftPackageProductDependency section */
		6F17486828CEEB340059E8DD /* AlamofireImage */ = {
			isa = XCSwiftPackageProductDependency;
			package = 6F17486728CEEB340059E8DD /* XCRemoteSwiftPackageReference "AlamofireImage" */;
			productName = AlamofireImage;
		};
		6F2E836428CFB1B00002EFEF /* AlamofireImage */ = {
			isa = XCSwiftPackageProductDependency;
			package = 6F2E836328CFB1B00002EFEF /* XCRemoteSwiftPackageReference "AlamofireImage" */;
			productName = AlamofireImage;
		};
		6F2E836728CFB1D40002EFEF /* AlamofireImage */ = {
			isa = XCSwiftPackageProductDependency;
			package = 6F2E836328CFB1B00002EFEF /* XCRemoteSwiftPackageReference "AlamofireImage" */;
			productName = AlamofireImage;
		};
/* End XCSwiftPackageProductDependency section */
	};
	rootObject = 6FE0F5AC28CD648300B592F0 /* Project object */;
}
